<Solution>
  <Configurations>
    <Platform Name="ARM64" />
    <Platform Name="x64" />
  </Configurations>
  <Project Path="EDAccountSwitcher.csproj">
    <Platform Solution="*|ARM64" Project="ARM64" />
    <Platform Solution="*|x64" Project="x64" />
    <Deploy />
  </Project>
  <Project Path="tests/EDSwitcher.Tests.csproj">
    <Platform Solution="*|ARM64" Project="AnyCPU" />
    <Platform Solution="*|x64" Project="AnyCPU" />
  </Project>
</Solution>